
Microsoft Visual Studio Solution File, Format Version 12.00
# Visual Studio 14
VisualStudioVersion = 14.0.25420.1
MinimumVisualStudioVersion = 10.0.40219.1
Project("{FAE04EC0-301F-11D3-BF4B-00C04F79EFBC}") = "entityframeworkrepository.model", "entityframeworkrepository\entityframeworkrepository.model.csproj", "{8CF810D7-571E-4136-9ED1-BF352BA8D61C}"
EndProject
Project("{FAE04EC0-301F-11D3-BF4B-00C04F79EFBC}") = "entityframeworkrepository.core", "entityframeworkrepository.core\entityframeworkrepository.core.csproj", "{396ECC34-DBAF-44B4-B625-1B7FBC008ACA}"
EndProject
Project("{FAE04EC0-301F-11D3-BF4B-00C04F79EFBC}") = "entityframeworkrepository.tests", "entityframeworkrepository.tests\entityframeworkrepository.tests.csproj", "{4764E8DA-7958-4277-945C-010F5E754A6F}"
EndProject
Project("{FAE04EC0-301F-11D3-BF4B-00C04F79EFBC}") = "entityframeworkrepository.webapp", "entityframeworkrepository.webapp\entityframeworkrepository.webapp.csproj", "{38E58E9B-E91B-43B3-8CED-28184CC30490}"
EndProject
Project("{2150E333-8FDC-42A3-9474-1A3956D46DE8}") = ".nuget", ".nuget", "{E735FD3E-49A3-4F5B-BC1F-6DA13863170B}"
	ProjectSection(SolutionItems) = preProject
		.nuget\NuGet.Config = .nuget\NuGet.Config
		.nuget\NuGet.targets = .nuget\NuGet.targets
		.nuget\packages.config = .nuget\packages.config
	EndProjectSection
EndProject
Project("{FAE04EC0-301F-11D3-BF4B-00C04F79EFBC}") = "entityframeworkrepository.cache", "entityframeworkrepository.cache\entityframeworkrepository.cache.csproj", "{DE24547C-5D2D-49D4-A271-BF3E9B1A5F0E}"
EndProject
Project("{FAE04EC0-301F-11D3-BF4B-00C04F79EFBC}") = "entityframeworkrepository.repository", "entityframeworkrepository.repository\entityframeworkrepository.repository.csproj", "{D46F9A76-A3AA-485B-A938-44E51FDFD5F7}"
EndProject
Global
	GlobalSection(SolutionConfigurationPlatforms) = preSolution
		Debug|Any CPU = Debug|Any CPU
		Release|Any CPU = Release|Any CPU
	EndGlobalSection
	GlobalSection(ProjectConfigurationPlatforms) = postSolution
		{8CF810D7-571E-4136-9ED1-BF352BA8D61C}.Debug|Any CPU.ActiveCfg = Debug|Any CPU
		{8CF810D7-571E-4136-9ED1-BF352BA8D61C}.Debug|Any CPU.Build.0 = Debug|Any CPU
		{8CF810D7-571E-4136-9ED1-BF352BA8D61C}.Release|Any CPU.ActiveCfg = Release|Any CPU
		{8CF810D7-571E-4136-9ED1-BF352BA8D61C}.Release|Any CPU.Build.0 = Release|Any CPU
		{396ECC34-DBAF-44B4-B625-1B7FBC008ACA}.Debug|Any CPU.ActiveCfg = Debug|Any CPU
		{396ECC34-DBAF-44B4-B625-1B7FBC008ACA}.Debug|Any CPU.Build.0 = Debug|Any CPU
		{396ECC34-DBAF-44B4-B625-1B7FBC008ACA}.Release|Any CPU.ActiveCfg = Release|Any CPU
		{396ECC34-DBAF-44B4-B625-1B7FBC008ACA}.Release|Any CPU.Build.0 = Release|Any CPU
		{4764E8DA-7958-4277-945C-010F5E754A6F}.Debug|Any CPU.ActiveCfg = Debug|Any CPU
		{4764E8DA-7958-4277-945C-010F5E754A6F}.Debug|Any CPU.Build.0 = Debug|Any CPU
		{4764E8DA-7958-4277-945C-010F5E754A6F}.Release|Any CPU.ActiveCfg = Release|Any CPU
		{4764E8DA-7958-4277-945C-010F5E754A6F}.Release|Any CPU.Build.0 = Release|Any CPU
		{38E58E9B-E91B-43B3-8CED-28184CC30490}.Debug|Any CPU.ActiveCfg = Debug|Any CPU
		{38E58E9B-E91B-43B3-8CED-28184CC30490}.Debug|Any CPU.Build.0 = Debug|Any CPU
		{38E58E9B-E91B-43B3-8CED-28184CC30490}.Release|Any CPU.ActiveCfg = Release|Any CPU
		{38E58E9B-E91B-43B3-8CED-28184CC30490}.Release|Any CPU.Build.0 = Release|Any CPU
		{DE24547C-5D2D-49D4-A271-BF3E9B1A5F0E}.Debug|Any CPU.ActiveCfg = Debug|Any CPU
		{DE24547C-5D2D-49D4-A271-BF3E9B1A5F0E}.Debug|Any CPU.Build.0 = Debug|Any CPU
		{DE24547C-5D2D-49D4-A271-BF3E9B1A5F0E}.Release|Any CPU.ActiveCfg = Release|Any CPU
		{DE24547C-5D2D-49D4-A271-BF3E9B1A5F0E}.Release|Any CPU.Build.0 = Release|Any CPU
		{D46F9A76-A3AA-485B-A938-44E51FDFD5F7}.Debug|Any CPU.ActiveCfg = Debug|Any CPU
		{D46F9A76-A3AA-485B-A938-44E51FDFD5F7}.Debug|Any CPU.Build.0 = Debug|Any CPU
		{D46F9A76-A3AA-485B-A938-44E51FDFD5F7}.Release|Any CPU.ActiveCfg = Release|Any CPU
		{D46F9A76-A3AA-485B-A938-44E51FDFD5F7}.Release|Any CPU.Build.0 = Release|Any CPU
	EndGlobalSection
	GlobalSection(SolutionProperties) = preSolution
		HideSolutionNode = FALSE
	EndGlobalSection
EndGlobal
