
Microsoft Visual Studio Solution File, Format Version 12.00
# Visual Studio 14
VisualStudioVersion = 14.0.25420.1
MinimumVisualStudioVersion = 10.0.40219.1
Project("{FAE04EC0-301F-11D3-BF4B-00C04F79EFBC}") = "entityframeworkrepository.model", "entityframeworkrepository\entityframeworkrepository.model.csproj", "{8CF810D7-571E-4136-9ED1-BF352BA8D61C}"
EndProject
Project("{FAE04EC0-301F-11D3-BF4B-00C04F79EFBC}") = "entityframeworkrepository.core", "entityframeworkrepository.core\entityframeworkrepository.core.csproj", "{396ECC34-DBAF-44B4-B625-1B7FBC008ACA}"
EndProject
Global
	GlobalSection(SolutionConfigurationPlatforms) = preSolution
		Debug|Any CPU = Debug|Any CPU
		Release|Any CPU = Release|Any CPU
	EndGlobalSection
	GlobalSection(ProjectConfigurationPlatforms) = postSolution
		{8CF810D7-571E-4136-9ED1-BF352BA8D61C}.Debug|Any CPU.ActiveCfg = Debug|Any CPU
		{8CF810D7-571E-4136-9ED1-BF352BA8D61C}.Debug|Any CPU.Build.0 = Debug|Any CPU
		{8CF810D7-571E-4136-9ED1-BF352BA8D61C}.Release|Any CPU.ActiveCfg = Release|Any CPU
		{8CF810D7-571E-4136-9ED1-BF352BA8D61C}.Release|Any CPU.Build.0 = Release|Any CPU
		{396ECC34-DBAF-44B4-B625-1B7FBC008ACA}.Debug|Any CPU.ActiveCfg = Debug|Any CPU
		{396ECC34-DBAF-44B4-B625-1B7FBC008ACA}.Debug|Any CPU.Build.0 = Debug|Any CPU
		{396ECC34-DBAF-44B4-B625-1B7FBC008ACA}.Release|Any CPU.ActiveCfg = Release|Any CPU
		{396ECC34-DBAF-44B4-B625-1B7FBC008ACA}.Release|Any CPU.Build.0 = Release|Any CPU
	EndGlobalSection
	GlobalSection(SolutionProperties) = preSolution
		HideSolutionNode = FALSE
	EndGlobalSection
EndGlobal
